// !$*UTF8*$!
{
	archiveVersion = 1;
	classes = {
	};
	objectVersion = 56;
	objects = {

/* Begin PBXBuildFile section */
		097D84F65F1F6BC7A603805B /* PhotosGrid.swift in Sources */ = {isa = PBXBuildFile; fileRef = 406A30CD26384FB80F95C418 /* PhotosGrid.swift */; };
		0A116008EA6980AC08B635D2 /* PhotoDetail.swift in Sources */ = {isa = PBXBuildFile; fileRef = 5BC86B295FEFA2DEB07E7724 /* PhotoDetail.swift */; };
		188EC8FCAAB4754F92765702 /* SmartAlbumsList.swift in Sources */ = {isa = PBXBuildFile; fileRef = ECD4931308E766C6FF52798A /* SmartAlbumsList.swift */; };
		1A7228462F573FA90CDD5444 /* AdminViews.swift in Sources */ = {isa = PBXBuildFile; fileRef = D4F0A203C0E661F881777EFE /* AdminViews.swift */; };
		1A93994BCB6A421BB2DEFB69 /* LookDesignSystem.swift in Sources */ = {isa = PBXBuildFile; fileRef = 2425216D4BD3434E85095AE7 /* LookDesignSystem.swift */; };
		1B5735B2BF4E93B4CA8ADEF2 /* AlbumDetail.swift in Sources */ = {isa = PBXBuildFile; fileRef = 2529A6404895C51F3E844F95 /* AlbumDetail.swift */; };
		24A0DD15D8CD53DB12845AD5 /* SearchView.swift in Sources */ = {isa = PBXBuildFile; fileRef = 8E8B9C16EAD779D02B5D1C3D /* SearchView.swift */; };
		28CF3C97E5460C768BF05505 /* APIClient.swift in Sources */ = {isa = PBXBuildFile; fileRef = AC3907B5F94AB008E013852A /* APIClient.swift */; };
		2A6C572C1845C2648BCD3141 /* TagHistoryView.swift in Sources */ = {isa = PBXBuildFile; fileRef = 18BF5A283B62382D53C367EB /* TagHistoryView.swift */; };
		2C02D5A19EF645D7A5103B69 /* DemoScreenshotHost.swift in Sources */ = {isa = PBXBuildFile; fileRef = 1ED050BB06424872B9645564 /* DemoScreenshotHost.swift */; };
		33E797BD914C7625B146BABD /* PhotoCard.swift in Sources */ = {isa = PBXBuildFile; fileRef = E9429D9E90B25855628DB7BD /* PhotoCard.swift */; };
		3C756A7E668F40525E5D15DF /* FullScreenImage.swift in Sources */ = {isa = PBXBuildFile; fileRef = 7D0A56F2C472E45815659090 /* FullScreenImage.swift */; };
		4A6C1D8F0B2E4C6A9D1F3001 /* TestFixtures.swift in Sources */ = {isa = PBXBuildFile; fileRef = 4A6C1D8F0B2E4C6A9D1F2001 /* TestFixtures.swift */; };
		4A6C1D8F0B2E4C6A9D1F3002 /* GalleryLayoutTests.swift in Sources */ = {isa = PBXBuildFile; fileRef = 4A6C1D8F0B2E4C6A9D1F2002 /* GalleryLayoutTests.swift */; };
		4A6C1D8F0B2E4C6A9D1F3003 /* NavigationDataDecodingTests.swift in Sources */ = {isa = PBXBuildFile; fileRef = 4A6C1D8F0B2E4C6A9D1F2003 /* NavigationDataDecodingTests.swift */; };
		4A6C1D8F0B2E4C6A9D1F3004 /* ConnectionAndSettingsTests.swift in Sources */ = {isa = PBXBuildFile; fileRef = 4A6C1D8F0B2E4C6A9D1F2004 /* ConnectionAndSettingsTests.swift */; };
		4A6C1D8F0B2E4C6A9D1F3005 /* ViewConstructionTests.swift in Sources */ = {isa = PBXBuildFile; fileRef = 4A6C1D8F0B2E4C6A9D1F2005 /* ViewConstructionTests.swift */; };
		599F0B83C521F06556081FB7 /* AlbumsList.swift in Sources */ = {isa = PBXBuildFile; fileRef = 8F0BB67B0DD3070E830DC963 /* AlbumsList.swift */; };
		5B1B67B973E49EF3BF8721EE /* ModelDecodingTests.swift in Sources */ = {isa = PBXBuildFile; fileRef = F0CBEEB2F315D0FAE529E9A8 /* ModelDecodingTests.swift */; };
		70674C05A1789F4B5D5637B8 /* ContentView.swift in Sources */ = {isa = PBXBuildFile; fileRef = 939167C0790FBD02BEA90F8A /* ContentView.swift */; };
		75D3A0D3591DFF8BE3D5153A /* ImageSaver.swift in Sources */ = {isa = PBXBuildFile; fileRef = CD80E360A9725FC2909D5698 /* ImageSaver.swift */; };
		83BF7DF9182F8F4F2FF8CAC2 /* AddToAlbumSheet.swift in Sources */ = {isa = PBXBuildFile; fileRef = 553E208E6D382D6CF3F92157 /* AddToAlbumSheet.swift */; };
		956FD243ACAE7041DBDB8DB8 /* LookApp.swift in Sources */ = {isa = PBXBuildFile; fileRef = 4C24B9FCD0CBE03FFEA90440 /* LookApp.swift */; };
		A49FFEDF69274E2AB82B7900 /* ConnectionSetupView.swift in Sources */ = {isa = PBXBuildFile; fileRef = 6339814E64954BE6845B5492 /* ConnectionSetupView.swift */; };
		BA05724923607D4D662DAC38 /* LibraryView.swift in Sources */ = {isa = PBXBuildFile; fileRef = 056DEE9FB68A41B40C546B5A /* LibraryView.swift */; };
		C8BB9F3DE59028F85EE64101 /* MapBrowseView.swift in Sources */ = {isa = PBXBuildFile; fileRef = ACDEA1748F03377B67F3253A /* MapBrowseView.swift */; };
		C8DB8D485DF66CC5891B4618 /* Models.swift in Sources */ = {isa = PBXBuildFile; fileRef = 7C52ED9C2FE1992EECE47896 /* Models.swift */; };
		C9BB50E1A86C5833368B9327 /* Assets.xcassets in Resources */ = {isa = PBXBuildFile; fileRef = 52D109695EEE22F9A327B404 /* Assets.xcassets */; };
		D528CA3C155E183BBA023E20 /* SettingsView.swift in Sources */ = {isa = PBXBuildFile; fileRef = 276D0318B1A37DD3B5E6265E /* SettingsView.swift */; };
		FA9A8DFEF0B8CBDBCCF5CBAC /* PhotoStore.swift in Sources */ = {isa = PBXBuildFile; fileRef = E002211120F6E3F94BB4FF7B /* PhotoStore.swift */; };
/* End PBXBuildFile section */

/* Begin PBXContainerItemProxy section */
		A1345336E251CC6D1362020A /* PBXContainerItemProxy */ = {
			isa = PBXContainerItemProxy;
			containerPortal = E04944E21454FCAB82159ABD /* Project object */;
			proxyType = 1;
			remoteGlobalIDString = 737061B1344CCD7273DA4A86;
			remoteInfo = Look;
		};
/* End PBXContainerItemProxy section */

/* Begin PBXFileReference section */
		056DEE9FB68A41B40C546B5A /* LibraryView.swift */ = {isa = PBXFileReference; lastKnownFileType = sourcecode.swift; path = LibraryView.swift; sourceTree = "<group>"; };
		18BF5A283B62382D53C367EB /* TagHistoryView.swift */ = {isa = PBXFileReference; lastKnownFileType = sourcecode.swift; path = TagHistoryView.swift; sourceTree = "<group>"; };
		1ED050BB06424872B9645564 /* DemoScreenshotHost.swift */ = {isa = PBXFileReference; lastKnownFileType = sourcecode.swift; path = DemoScreenshotHost.swift; sourceTree = "<group>"; };
		2425216D4BD3434E85095AE7 /* LookDesignSystem.swift */ = {isa = PBXFileReference; lastKnownFileType = sourcecode.swift; path = LookDesignSystem.swift; sourceTree = "<group>"; };
		2529A6404895C51F3E844F95 /* AlbumDetail.swift */ = {isa = PBXFileReference; lastKnownFileType = sourcecode.swift; path = AlbumDetail.swift; sourceTree = "<group>"; };
		276D0318B1A37DD3B5E6265E /* SettingsView.swift */ = {isa = PBXFileReference; lastKnownFileType = sourcecode.swift; path = SettingsView.swift; sourceTree = "<group>"; };
		3108FEE612E21E647D9B6CC1 /* Info.plist */ = {isa = PBXFileReference; lastKnownFileType = text.plist; path = Info.plist; sourceTree = "<group>"; };
		3C3F9C28F2FCD3E0A745FD19 /* Look.app */ = {isa = PBXFileReference; explicitFileType = wrapper.application; includeInIndex = 0; path = Look.app; sourceTree = BUILT_PRODUCTS_DIR; };
		406A30CD26384FB80F95C418 /* PhotosGrid.swift */ = {isa = PBXFileReference; lastKnownFileType = sourcecode.swift; path = PhotosGrid.swift; sourceTree = "<group>"; };
		4A6C1D8F0B2E4C6A9D1F2001 /* TestFixtures.swift */ = {isa = PBXFileReference; lastKnownFileType = sourcecode.swift; path = TestFixtures.swift; sourceTree = "<group>"; };
		4A6C1D8F0B2E4C6A9D1F2002 /* GalleryLayoutTests.swift */ = {isa = PBXFileReference; lastKnownFileType = sourcecode.swift; path = GalleryLayoutTests.swift; sourceTree = "<group>"; };
		4A6C1D8F0B2E4C6A9D1F2003 /* NavigationDataDecodingTests.swift */ = {isa = PBXFileReference; lastKnownFileType = sourcecode.swift; path = NavigationDataDecodingTests.swift; sourceTree = "<group>"; };
		4A6C1D8F0B2E4C6A9D1F2004 /* ConnectionAndSettingsTests.swift */ = {isa = PBXFileReference; lastKnownFileType = sourcecode.swift; path = ConnectionAndSettingsTests.swift; sourceTree = "<group>"; };
		4A6C1D8F0B2E4C6A9D1F2005 /* ViewConstructionTests.swift */ = {isa = PBXFileReference; lastKnownFileType = sourcecode.swift; path = ViewConstructionTests.swift; sourceTree = "<group>"; };
		4C24B9FCD0CBE03FFEA90440 /* LookApp.swift */ = {isa = PBXFileReference; lastKnownFileType = sourcecode.swift; path = LookApp.swift; sourceTree = "<group>"; };
		52D109695EEE22F9A327B404 /* Assets.xcassets */ = {isa = PBXFileReference; lastKnownFileType = folder.assetcatalog; path = Assets.xcassets; sourceTree = "<group>"; };
		553E208E6D382D6CF3F92157 /* AddToAlbumSheet.swift */ = {isa = PBXFileReference; lastKnownFileType = sourcecode.swift; path = AddToAlbumSheet.swift; sourceTree = "<group>"; };
		5BC86B295FEFA2DEB07E7724 /* PhotoDetail.swift */ = {isa = PBXFileReference; lastKnownFileType = sourcecode.swift; path = PhotoDetail.swift; sourceTree = "<group>"; };
		6339814E64954BE6845B5492 /* ConnectionSetupView.swift */ = {isa = PBXFileReference; lastKnownFileType = sourcecode.swift; path = ConnectionSetupView.swift; sourceTree = "<group>"; };
		7C52ED9C2FE1992EECE47896 /* Models.swift */ = {isa = PBXFileReference; lastKnownFileType = sourcecode.swift; path = Models.swift; sourceTree = "<group>"; };
		7D0A56F2C472E45815659090 /* FullScreenImage.swift */ = {isa = PBXFileReference; lastKnownFileType = sourcecode.swift; path = FullScreenImage.swift; sourceTree = "<group>"; };
		8E8B9C16EAD779D02B5D1C3D /* SearchView.swift */ = {isa = PBXFileReference; lastKnownFileType = sourcecode.swift; path = SearchView.swift; sourceTree = "<group>"; };
		8F0BB67B0DD3070E830DC963 /* AlbumsList.swift */ = {isa = PBXFileReference; lastKnownFileType = sourcecode.swift; path = AlbumsList.swift; sourceTree = "<group>"; };
		939167C0790FBD02BEA90F8A /* ContentView.swift */ = {isa = PBXFileReference; lastKnownFileType = sourcecode.swift; path = ContentView.swift; sourceTree = "<group>"; };
		AC3907B5F94AB008E013852A /* APIClient.swift */ = {isa = PBXFileReference; lastKnownFileType = sourcecode.swift; path = APIClient.swift; sourceTree = "<group>"; };
		ACDEA1748F03377B67F3253A /* MapBrowseView.swift */ = {isa = PBXFileReference; lastKnownFileType = sourcecode.swift; path = MapBrowseView.swift; sourceTree = "<group>"; };
		CD80E360A9725FC2909D5698 /* ImageSaver.swift */ = {isa = PBXFileReference; lastKnownFileType = sourcecode.swift; path = ImageSaver.swift; sourceTree = "<group>"; };
		D4F0A203C0E661F881777EFE /* AdminViews.swift */ = {isa = PBXFileReference; lastKnownFileType = sourcecode.swift; path = AdminViews.swift; sourceTree = "<group>"; };
		E002211120F6E3F94BB4FF7B /* PhotoStore.swift */ = {isa = PBXFileReference; lastKnownFileType = sourcecode.swift; path = PhotoStore.swift; sourceTree = "<group>"; };
		E9429D9E90B25855628DB7BD /* PhotoCard.swift */ = {isa = PBXFileReference; lastKnownFileType = sourcecode.swift; path = PhotoCard.swift; sourceTree = "<group>"; };
		ECD4931308E766C6FF52798A /* SmartAlbumsList.swift */ = {isa = PBXFileReference; lastKnownFileType = sourcecode.swift; path = SmartAlbumsList.swift; sourceTree = "<group>"; };
		F0CBEEB2F315D0FAE529E9A8 /* ModelDecodingTests.swift */ = {isa = PBXFileReference; lastKnownFileType = sourcecode.swift; path = ModelDecodingTests.swift; sourceTree = "<group>"; };
		F48224D212BD9AB6D1993069 /* LookTests.xctest */ = {isa = PBXFileReference; includeInIndex = 0; lastKnownFileType = wrapper.cfbundle; path = LookTests.xctest; sourceTree = BUILT_PRODUCTS_DIR; };
/* End PBXFileReference section */

/* Begin PBXGroup section */
		3274BE188A6463D26B39F29C /* Look */ = {
			isa = PBXGroup;
			children = (
				1ED050BB06424872B9645564 /* DemoScreenshotHost.swift */,
				AC3907B5F94AB008E013852A /* APIClient.swift */,
				52D109695EEE22F9A327B404 /* Assets.xcassets */,
				939167C0790FBD02BEA90F8A /* ContentView.swift */,
				CD80E360A9725FC2909D5698 /* ImageSaver.swift */,
				3108FEE612E21E647D9B6CC1 /* Info.plist */,
				4C24B9FCD0CBE03FFEA90440 /* LookApp.swift */,
				7C52ED9C2FE1992EECE47896 /* Models.swift */,
				E002211120F6E3F94BB4FF7B /* PhotoStore.swift */,
				8D377441D736E7AD45BA5FAF /* Views */,
			);
			path = Look;
			sourceTree = "<group>";
		};
		6F20FBE198BBBEF904ACAA0F = {
			isa = PBXGroup;
			children = (
				3274BE188A6463D26B39F29C /* Look */,
				806F339D7A196F29B3CBBB37 /* LookTests */,
				91F20FEC6E6ECC16DABF893D /* Products */,
			);
			sourceTree = "<group>";
		};
		806F339D7A196F29B3CBBB37 /* LookTests */ = {
			isa = PBXGroup;
			children = (
				4A6C1D8F0B2E4C6A9D1F2004 /* ConnectionAndSettingsTests.swift */,
				4A6C1D8F0B2E4C6A9D1F2002 /* GalleryLayoutTests.swift */,
				F0CBEEB2F315D0FAE529E9A8 /* ModelDecodingTests.swift */,
				4A6C1D8F0B2E4C6A9D1F2003 /* NavigationDataDecodingTests.swift */,
				4A6C1D8F0B2E4C6A9D1F2001 /* TestFixtures.swift */,
				4A6C1D8F0B2E4C6A9D1F2005 /* ViewConstructionTests.swift */,
			);
			path = LookTests;
			sourceTree = "<group>";
		};
		8D377441D736E7AD45BA5FAF /* Views */ = {
			isa = PBXGroup;
			children = (
				2425216D4BD3434E85095AE7 /* LookDesignSystem.swift */,
				6339814E64954BE6845B5492 /* ConnectionSetupView.swift */,
				553E208E6D382D6CF3F92157 /* AddToAlbumSheet.swift */,
				D4F0A203C0E661F881777EFE /* AdminViews.swift */,
				2529A6404895C51F3E844F95 /* AlbumDetail.swift */,
				8F0BB67B0DD3070E830DC963 /* AlbumsList.swift */,
				7D0A56F2C472E45815659090 /* FullScreenImage.swift */,
				056DEE9FB68A41B40C546B5A /* LibraryView.swift */,
				ACDEA1748F03377B67F3253A /* MapBrowseView.swift */,
				E9429D9E90B25855628DB7BD /* PhotoCard.swift */,
				5BC86B295FEFA2DEB07E7724 /* PhotoDetail.swift */,
				406A30CD26384FB80F95C418 /* PhotosGrid.swift */,
				8E8B9C16EAD779D02B5D1C3D /* SearchView.swift */,
				276D0318B1A37DD3B5E6265E /* SettingsView.swift */,
				ECD4931308E766C6FF52798A /* SmartAlbumsList.swift */,
				18BF5A283B62382D53C367EB /* TagHistoryView.swift */,
			);
			path = Views;
			sourceTree = "<group>";
		};
		91F20FEC6E6ECC16DABF893D /* Products */ = {
			isa = PBXGroup;
			children = (
				3C3F9C28F2FCD3E0A745FD19 /* Look.app */,
				F48224D212BD9AB6D1993069 /* LookTests.xctest */,
			);
			name = Products;
			sourceTree = "<group>";
		};
/* End PBXGroup section */

/* Begin PBXNativeTarget section */
		737061B1344CCD7273DA4A86 /* Look */ = {
			isa = PBXNativeTarget;
			buildConfigurationList = 6A41F622FA3E5BCE3ED61524 /* Build configuration list for PBXNativeTarget "Look" */;
			buildPhases = (
				E6A3A492A07D5D3B3FC53EF0 /* Sources */,
				999D79426E721756F15EEEDC /* Resources */,
			);
			buildRules = (
			);
			dependencies = (
			);
			name = Look;
			productName = Look;
			productReference = 3C3F9C28F2FCD3E0A745FD19 /* Look.app */;
			productType = "com.apple.product-type.application";
		};
		78C29B1537F8478999A13AC8 /* LookTests */ = {
			isa = PBXNativeTarget;
			buildConfigurationList = 0D907252F2B542F46CC34509 /* Build configuration list for PBXNativeTarget "LookTests" */;
			buildPhases = (
				D6C1E69F7D379E8743A55FBE /* Sources */,
			);
			buildRules = (
			);
			dependencies = (
				F8EF8ED8FA9F9AE289438777 /* PBXTargetDependency */,
			);
			name = LookTests;
			productName = LookTests;
			productReference = F48224D212BD9AB6D1993069 /* LookTests.xctest */;
			productType = "com.apple.product-type.bundle.unit-test";
		};
/* End PBXNativeTarget section */

/* Begin PBXProject section */
		E04944E21454FCAB82159ABD /* Project object */ = {
			isa = PBXProject;
			attributes = {
				BuildIndependentTargetsInParallel = YES;
				LastUpgradeCheck = 1430;
			};
			buildConfigurationList = B621CE602C450C544BEEE5F7 /* Build configuration list for PBXProject "Look" */;
			compatibilityVersion = "Xcode 14.0";
			developmentRegion = en;
			hasScannedForEncodings = 0;
			knownRegions = (
				Base,
				en,
			);
			mainGroup = 6F20FBE198BBBEF904ACAA0F;
			projectDirPath = "";
			projectRoot = "";
			targets = (
				737061B1344CCD7273DA4A86 /* Look */,
				78C29B1537F8478999A13AC8 /* LookTests */,
			);
		};
/* End PBXProject section */

/* Begin PBXResourcesBuildPhase section */
		999D79426E721756F15EEEDC /* Resources */ = {
			isa = PBXResourcesBuildPhase;
			buildActionMask = 2147483647;
			files = (
				C9BB50E1A86C5833368B9327 /* Assets.xcassets in Resources */,
			);
			runOnlyForDeploymentPostprocessing = 0;
		};
/* End PBXResourcesBuildPhase section */

/* Begin PBXSourcesBuildPhase section */
		D6C1E69F7D379E8743A55FBE /* Sources */ = {
			isa = PBXSourcesBuildPhase;
			buildActionMask = 2147483647;
			files = (
				4A6C1D8F0B2E4C6A9D1F3004 /* ConnectionAndSettingsTests.swift in Sources */,
				4A6C1D8F0B2E4C6A9D1F3002 /* GalleryLayoutTests.swift in Sources */,
				5B1B67B973E49EF3BF8721EE /* ModelDecodingTests.swift in Sources */,
				4A6C1D8F0B2E4C6A9D1F3003 /* NavigationDataDecodingTests.swift in Sources */,
				4A6C1D8F0B2E4C6A9D1F3001 /* TestFixtures.swift in Sources */,
				4A6C1D8F0B2E4C6A9D1F3005 /* ViewConstructionTests.swift in Sources */,
			);
			runOnlyForDeploymentPostprocessing = 0;
		};
		E6A3A492A07D5D3B3FC53EF0 /* Sources */ = {
			isa = PBXSourcesBuildPhase;
			buildActionMask = 2147483647;
			files = (
				28CF3C97E5460C768BF05505 /* APIClient.swift in Sources */,
				83BF7DF9182F8F4F2FF8CAC2 /* AddToAlbumSheet.swift in Sources */,
				1A7228462F573FA90CDD5444 /* AdminViews.swift in Sources */,
				1B5735B2BF4E93B4CA8ADEF2 /* AlbumDetail.swift in Sources */,
				599F0B83C521F06556081FB7 /* AlbumsList.swift in Sources */,
				A49FFEDF69274E2AB82B7900 /* ConnectionSetupView.swift in Sources */,
				70674C05A1789F4B5D5637B8 /* ContentView.swift in Sources */,
				2C02D5A19EF645D7A5103B69 /* DemoScreenshotHost.swift in Sources */,
				3C756A7E668F40525E5D15DF /* FullScreenImage.swift in Sources */,
				75D3A0D3591DFF8BE3D5153A /* ImageSaver.swift in Sources */,
				BA05724923607D4D662DAC38 /* LibraryView.swift in Sources */,
				1A93994BCB6A421BB2DEFB69 /* LookDesignSystem.swift in Sources */,
				956FD243ACAE7041DBDB8DB8 /* LookApp.swift in Sources */,
				C8BB9F3DE59028F85EE64101 /* MapBrowseView.swift in Sources */,
				C8DB8D485DF66CC5891B4618 /* Models.swift in Sources */,
				33E797BD914C7625B146BABD /* PhotoCard.swift in Sources */,
				0A116008EA6980AC08B635D2 /* PhotoDetail.swift in Sources */,
				FA9A8DFEF0B8CBDBCCF5CBAC /* PhotoStore.swift in Sources */,
				097D84F65F1F6BC7A603805B /* PhotosGrid.swift in Sources */,
				24A0DD15D8CD53DB12845AD5 /* SearchView.swift in Sources */,
				D528CA3C155E183BBA023E20 /* SettingsView.swift in Sources */,
				188EC8FCAAB4754F92765702 /* SmartAlbumsList.swift in Sources */,
				2A6C572C1845C2648BCD3141 /* TagHistoryView.swift in Sources */,
			);
			runOnlyForDeploymentPostprocessing = 0;
		};
/* End PBXSourcesBuildPhase section */

/* Begin PBXTargetDependency section */
		F8EF8ED8FA9F9AE289438777 /* PBXTargetDependency */ = {
			isa = PBXTargetDependency;
			target = 737061B1344CCD7273DA4A86 /* Look */;
			targetProxy = A1345336E251CC6D1362020A /* PBXContainerItemProxy */;
		};
/* End PBXTargetDependency section */

/* Begin XCBuildConfiguration section */
		03D3C9878F99DF1520FB39FE /* Debug */ = {
			isa = XCBuildConfiguration;
			buildSettings = {
				BUNDLE_LOADER = "$(TEST_HOST)";
				GENERATE_INFOPLIST_FILE = YES;
				IPHONEOS_DEPLOYMENT_TARGET = 17.0;
				LD_RUNPATH_SEARCH_PATHS = (
					"$(inherited)",
					"@executable_path/Frameworks",
					"@loader_path/Frameworks",
				);
				PRODUCT_BUNDLE_IDENTIFIER = com.sladebot.lookTests;
				SDKROOT = iphoneos;
				TARGETED_DEVICE_FAMILY = "1,2";
				TEST_HOST = "$(BUILT_PRODUCTS_DIR)/Look.app/$(BUNDLE_EXECUTABLE_FOLDER_PATH)/Look";
			};
			name = Debug;
		};
		2105971ADF79474FFB798CFE /* Release */ = {
			isa = XCBuildConfiguration;
			buildSettings = {
				BUNDLE_LOADER = "$(TEST_HOST)";
				GENERATE_INFOPLIST_FILE = YES;
				IPHONEOS_DEPLOYMENT_TARGET = 17.0;
				LD_RUNPATH_SEARCH_PATHS = (
					"$(inherited)",
					"@executable_path/Frameworks",
					"@loader_path/Frameworks",
				);
				PRODUCT_BUNDLE_IDENTIFIER = com.sladebot.lookTests;
				SDKROOT = iphoneos;
				TARGETED_DEVICE_FAMILY = "1,2";
				TEST_HOST = "$(BUILT_PRODUCTS_DIR)/Look.app/$(BUNDLE_EXECUTABLE_FOLDER_PATH)/Look";
			};
			name = Release;
		};
		3C01916CDAE629AD740B1F3D /* Debug */ = {
			isa = XCBuildConfiguration;
			buildSettings = {
				ALWAYS_SEARCH_USER_PATHS = NO;
				CLANG_ANALYZER_NONNULL = YES;
				CLANG_ANALYZER_NUMBER_OBJECT_CONVERSION = YES_AGGRESSIVE;
				CLANG_CXX_LANGUAGE_STANDARD = "gnu++14";
				CLANG_CXX_LIBRARY = "libc++";
				CLANG_ENABLE_MODULES = YES;
				CLANG_ENABLE_OBJC_ARC = YES;
				CLANG_ENABLE_OBJC_WEAK = YES;
				CLANG_WARN_BLOCK_CAPTURE_AUTORELEASING = YES;
				CLANG_WARN_BOOL_CONVERSION = YES;
				CLANG_WARN_COMMA = YES;
				CLANG_WARN_CONSTANT_CONVERSION = YES;
				CLANG_WARN_DEPRECATED_OBJC_IMPLEMENTATIONS = YES;
				CLANG_WARN_DIRECT_OBJC_ISA_USAGE = YES_ERROR;
				CLANG_WARN_DOCUMENTATION_COMMENTS = YES;
				CLANG_WARN_EMPTY_BODY = YES;
				CLANG_WARN_ENUM_CONVERSION = YES;
				CLANG_WARN_INFINITE_RECURSION = YES;
				CLANG_WARN_INT_CONVERSION = YES;
				CLANG_WARN_NON_LITERAL_NULL_CONVERSION = YES;
				CLANG_WARN_OBJC_IMPLICIT_RETAIN_SELF = YES;
				CLANG_WARN_OBJC_LITERAL_CONVERSION = YES;
				CLANG_WARN_OBJC_ROOT_CLASS = YES_ERROR;
				CLANG_WARN_QUOTED_INCLUDE_IN_FRAMEWORK_HEADER = YES;
				CLANG_WARN_RANGE_LOOP_ANALYSIS = YES;
				CLANG_WARN_STRICT_PROTOTYPES = YES;
				CLANG_WARN_SUSPICIOUS_MOVE = YES;
				CLANG_WARN_UNGUARDED_AVAILABILITY = YES_AGGRESSIVE;
				CLANG_WARN_UNREACHABLE_CODE = YES;
				CLANG_WARN__DUPLICATE_METHOD_MATCH = YES;
				COPY_PHASE_STRIP = NO;
				DEBUG_INFORMATION_FORMAT = dwarf;
				ENABLE_STRICT_OBJC_MSGSEND = YES;
				ENABLE_TESTABILITY = YES;
				GCC_C_LANGUAGE_STANDARD = gnu11;
				GCC_DYNAMIC_NO_PIC = NO;
				GCC_NO_COMMON_BLOCKS = YES;
				GCC_OPTIMIZATION_LEVEL = 0;
				GCC_PREPROCESSOR_DEFINITIONS = (
					"$(inherited)",
					"DEBUG=1",
				);
				GCC_WARN_64_TO_32_BIT_CONVERSION = YES;
				GCC_WARN_ABOUT_RETURN_TYPE = YES_ERROR;
				GCC_WARN_UNDECLARED_SELECTOR = YES;
				GCC_WARN_UNINITIALIZED_AUTOS = YES_AGGRESSIVE;
				GCC_WARN_UNUSED_FUNCTION = YES;
				GCC_WARN_UNUSED_VARIABLE = YES;
				MTL_ENABLE_DEBUG_INFO = INCLUDE_SOURCE;
				MTL_FAST_MATH = YES;
				ONLY_ACTIVE_ARCH = YES;
				PRODUCT_NAME = "$(TARGET_NAME)";
				SDKROOT = iphoneos;
				SWIFT_ACTIVE_COMPILATION_CONDITIONS = DEBUG;
				SWIFT_OPTIMIZATION_LEVEL = "-Onone";
				SWIFT_VERSION = 5.0;
			};
			name = Debug;
		};
		49F7641077ED4A57C90B29C8 /* Release */ = {
			isa = XCBuildConfiguration;
			buildSettings = {
				ALWAYS_SEARCH_USER_PATHS = NO;
				CLANG_ANALYZER_NONNULL = YES;
				CLANG_ANALYZER_NUMBER_OBJECT_CONVERSION = YES_AGGRESSIVE;
				CLANG_CXX_LANGUAGE_STANDARD = "gnu++14";
				CLANG_CXX_LIBRARY = "libc++";
				CLANG_ENABLE_MODULES = YES;
				CLANG_ENABLE_OBJC_ARC = YES;
				CLANG_ENABLE_OBJC_WEAK = YES;
				CLANG_WARN_BLOCK_CAPTURE_AUTORELEASING = YES;
				CLANG_WARN_BOOL_CONVERSION = YES;
				CLANG_WARN_COMMA = YES;
				CLANG_WARN_CONSTANT_CONVERSION = YES;
				CLANG_WARN_DEPRECATED_OBJC_IMPLEMENTATIONS = YES;
				CLANG_WARN_DIRECT_OBJC_ISA_USAGE = YES_ERROR;
				CLANG_WARN_DOCUMENTATION_COMMENTS = YES;
				CLANG_WARN_EMPTY_BODY = YES;
				CLANG_WARN_ENUM_CONVERSION = YES;
				CLANG_WARN_INFINITE_RECURSION = YES;
				CLANG_WARN_INT_CONVERSION = YES;
				CLANG_WARN_NON_LITERAL_NULL_CONVERSION = YES;
				CLANG_WARN_OBJC_IMPLICIT_RETAIN_SELF = YES;
				CLANG_WARN_OBJC_LITERAL_CONVERSION = YES;
				CLANG_WARN_OBJC_ROOT_CLASS = YES_ERROR;
				CLANG_WARN_QUOTED_INCLUDE_IN_FRAMEWORK_HEADER = YES;
				CLANG_WARN_RANGE_LOOP_ANALYSIS = YES;
				CLANG_WARN_STRICT_PROTOTYPES = YES;
				CLANG_WARN_SUSPICIOUS_MOVE = YES;
				CLANG_WARN_UNGUARDED_AVAILABILITY = YES_AGGRESSIVE;
				CLANG_WARN_UNREACHABLE_CODE = YES;
				CLANG_WARN__DUPLICATE_METHOD_MATCH = YES;
				COPY_PHASE_STRIP = NO;
				DEBUG_INFORMATION_FORMAT = "dwarf-with-dsym";
				ENABLE_NS_ASSERTIONS = NO;
				ENABLE_STRICT_OBJC_MSGSEND = YES;
				GCC_C_LANGUAGE_STANDARD = gnu11;
				GCC_NO_COMMON_BLOCKS = YES;
				GCC_WARN_64_TO_32_BIT_CONVERSION = YES;
				GCC_WARN_ABOUT_RETURN_TYPE = YES_ERROR;
				GCC_WARN_UNDECLARED_SELECTOR = YES;
				GCC_WARN_UNINITIALIZED_AUTOS = YES_AGGRESSIVE;
				GCC_WARN_UNUSED_FUNCTION = YES;
				GCC_WARN_UNUSED_VARIABLE = YES;
				MTL_ENABLE_DEBUG_INFO = NO;
				MTL_FAST_MATH = YES;
				PRODUCT_NAME = "$(TARGET_NAME)";
				SDKROOT = iphoneos;
				SWIFT_COMPILATION_MODE = wholemodule;
				SWIFT_OPTIMIZATION_LEVEL = "-O";
				SWIFT_VERSION = 5.0;
			};
			name = Release;
		};
		B6C5BC14FF213FE50F2C0AE2 /* Release */ = {
			isa = XCBuildConfiguration;
			buildSettings = {
				ASSETCATALOG_COMPILER_APPICON_NAME = AppIcon;
				CODE_SIGN_IDENTITY = "iPhone Developer";
				CURRENT_PROJECT_VERSION = 2;
				DEVELOPMENT_TEAM = 22BH2R3K7H;
				INFOPLIST_FILE = Look/Info.plist;
				INFOPLIST_KEY_CFBundleDisplayName = Look;
				INFOPLIST_KEY_UIRequiredDeviceCapabilities = arm64;
				IPHONEOS_DEPLOYMENT_TARGET = 17.0;
				LD_RUNPATH_SEARCH_PATHS = (
					"$(inherited)",
					"@executable_path/Frameworks",
				);
				MARKETING_VERSION = 1.1;
				PRODUCT_BUNDLE_IDENTIFIER = com.sladebot.look;
				SDKROOT = iphoneos;
				TARGETED_DEVICE_FAMILY = "1,2";
			};
			name = Release;
		};
		C49CAE9A727D0A0C370C2238 /* Debug */ = {
			isa = XCBuildConfiguration;
			buildSettings = {
				ASSETCATALOG_COMPILER_APPICON_NAME = AppIcon;
				CODE_SIGN_IDENTITY = "iPhone Developer";
				CURRENT_PROJECT_VERSION = 2;
				DEVELOPMENT_TEAM = 22BH2R3K7H;
				INFOPLIST_FILE = Look/Info.plist;
				INFOPLIST_KEY_CFBundleDisplayName = Look;
				INFOPLIST_KEY_UIRequiredDeviceCapabilities = arm64;
				IPHONEOS_DEPLOYMENT_TARGET = 17.0;
				LD_RUNPATH_SEARCH_PATHS = (
					"$(inherited)",
					"@executable_path/Frameworks",
				);
				MARKETING_VERSION = 1.1;
				PRODUCT_BUNDLE_IDENTIFIER = com.sladebot.look;
				SDKROOT = iphoneos;
				TARGETED_DEVICE_FAMILY = "1,2";
			};
			name = Debug;
		};
/* End XCBuildConfiguration section */

/* Begin XCConfigurationList section */
		0D907252F2B542F46CC34509 /* Build configuration list for PBXNativeTarget "LookTests" */ = {
			isa = XCConfigurationList;
			buildConfigurations = (
				03D3C9878F99DF1520FB39FE /* Debug */,
				2105971ADF79474FFB798CFE /* Release */,
			);
			defaultConfigurationIsVisible = 0;
			defaultConfigurationName = Debug;
		};
		6A41F622FA3E5BCE3ED61524 /* Build configuration list for PBXNativeTarget "Look" */ = {
			isa = XCConfigurationList;
			buildConfigurations = (
				C49CAE9A727D0A0C370C2238 /* Debug */,
				B6C5BC14FF213FE50F2C0AE2 /* Release */,
			);
			defaultConfigurationIsVisible = 0;
			defaultConfigurationName = Debug;
		};
		B621CE602C450C544BEEE5F7 /* Build configuration list for PBXProject "Look" */ = {
			isa = XCConfigurationList;
			buildConfigurations = (
				3C01916CDAE629AD740B1F3D /* Debug */,
				49F7641077ED4A57C90B29C8 /* Release */,
			);
			defaultConfigurationIsVisible = 0;
			defaultConfigurationName = Debug;
		};
/* End XCConfigurationList section */
	};
	rootObject = E04944E21454FCAB82159ABD /* Project object */;
}
